
Microsoft Visual Studio Solution File, Format Version 12.00
# Visual Studio Version 17
VisualStudioVersion = 17.2.32526.322
MinimumVisualStudioVersion = 10.0.40219.1
Project("{FAE04EC0-301F-11D3-BF4B-00C04F79EFBC}") = "HerokuTestNetCore", "HerokuTestNetCore\HerokuTestNetCore.csproj", "{3D7B108A-B892-4253-83E4-6A99B35AB1A9}"
EndProject
Global
	GlobalSection(SolutionConfigurationPlatforms) = preSolution
		Debug|Any CPU = Debug|Any CPU
		Release|Any CPU = Release|Any CPU
	EndGlobalSection
	GlobalSection(ProjectConfigurationPlatforms) = postSolution
		{3D7B108A-B892-4253-83E4-6A99B35AB1A9}.Debug|Any CPU.ActiveCfg = Debug|Any CPU
		{3D7B108A-B892-4253-83E4-6A99B35AB1A9}.Debug|Any CPU.Build.0 = Debug|Any CPU
		{3D7B108A-B892-4253-83E4-6A99B35AB1A9}.Release|Any CPU.ActiveCfg = Release|Any CPU
		{3D7B108A-B892-4253-83E4-6A99B35AB1A9}.Release|Any CPU.Build.0 = Release|Any CPU
	EndGlobalSection
	GlobalSection(SolutionProperties) = preSolution
		HideSolutionNode = FALSE
	EndGlobalSection
	GlobalSection(ExtensibilityGlobals) = postSolution
		SolutionGuid = {122BF99A-9A3D-4ADD-A8E0-A015BB31D940}
	EndGlobalSection
EndGlobal
